// !$*UTF8*$!
{
	archiveVersion = 1;
	classes = {
	};
	objectVersion = 50;
	objects = {

/* Begin PBXBuildFile section */
		266E18B921B8598E00075C67 /* AppDelegate.swift in Sources */ = {isa = PBXBuildFile; fileRef = 266E18B821B8598E00075C67 /* AppDelegate.swift */; };
		266E18BE21B8598E00075C67 /* Main.storyboard in Resources */ = {isa = PBXBuildFile; fileRef = 266E18BC21B8598E00075C67 /* Main.storyboard */; };
		266E18C321B8599000075C67 /* LaunchScreen.storyboard in Resources */ = {isa = PBXBuildFile; fileRef = 266E18C121B8599000075C67 /* LaunchScreen.storyboard */; };
		266E18CC21B85A3C00075C67 /* TaskListTableViewController.swift in Sources */ = {isa = PBXBuildFile; fileRef = 266E18CB21B85A3C00075C67 /* TaskListTableViewController.swift */; };
		266E18CE21B85B6300075C67 /* TaskDetailTableViewController.swift in Sources */ = {isa = PBXBuildFile; fileRef = 266E18CD21B85B6300075C67 /* TaskDetailTableViewController.swift */; };
		266E18D221B85BCF00075C67 /* Task.xcdatamodeld in Sources */ = {isa = PBXBuildFile; fileRef = 266E18D021B85BCF00075C67 /* Task.xcdatamodeld */; };
		266E18D521B85C0200075C67 /* CoreDataStack.swift in Sources */ = {isa = PBXBuildFile; fileRef = 266E18D421B85C0200075C67 /* CoreDataStack.swift */; };
		266E18D721B85E9900075C67 /* Task+Convenience.swift in Sources */ = {isa = PBXBuildFile; fileRef = 266E18D621B85E9900075C67 /* Task+Convenience.swift */; };
		266E18DA21B86FA900075C67 /* TaskController.swift in Sources */ = {isa = PBXBuildFile; fileRef = 266E18D921B86FA900075C67 /* TaskController.swift */; };
		266E18DD21B88A3300075C67 /* DateHelpers.swift in Sources */ = {isa = PBXBuildFile; fileRef = 266E18DC21B88A3300075C67 /* DateHelpers.swift */; };
		266E18E121B8A5B300075C67 /* ButtonTableViewCell.swift in Sources */ = {isa = PBXBuildFile; fileRef = 266E18E021B8A5B300075C67 /* ButtonTableViewCell.swift */; };
		266E18E321B8AD5000075C67 /* Assets.xcassets in Resources */ = {isa = PBXBuildFile; fileRef = 266E18E221B8AD5000075C67 /* Assets.xcassets */; };
/* End PBXBuildFile section */

/* Begin PBXFileReference section */
		266E18B521B8598E00075C67 /* Task.app */ = {isa = PBXFileReference; explicitFileType = wrapper.application; includeInIndex = 0; path = Task.app; sourceTree = BUILT_PRODUCTS_DIR; };
		266E18B821B8598E00075C67 /* AppDelegate.swift */ = {isa = PBXFileReference; lastKnownFileType = sourcecode.swift; path = AppDelegate.swift; sourceTree = "<group>"; };
		266E18BD21B8598E00075C67 /* Base */ = {isa = PBXFileReference; lastKnownFileType = file.storyboard; name = Base; path = Base.lproj/Main.storyboard; sourceTree = "<group>"; };
		266E18C221B8599000075C67 /* Base */ = {isa = PBXFileReference; lastKnownFileType = file.storyboard; name = Base; path = Base.lproj/LaunchScreen.storyboard; sourceTree = "<group>"; };
		266E18C421B8599000075C67 /* Info.plist */ = {isa = PBXFileReference; lastKnownFileType = text.plist.xml; path = Info.plist; sourceTree = "<group>"; };
		266E18CB21B85A3C00075C67 /* TaskListTableViewController.swift */ = {isa = PBXFileReference; lastKnownFileType = sourcecode.swift; path = TaskListTableViewController.swift; sourceTree = "<group>"; };
		266E18CD21B85B6300075C67 /* TaskDetailTableViewController.swift */ = {isa = PBXFileReference; lastKnownFileType = sourcecode.swift; path = TaskDetailTableViewController.swift; sourceTree = "<group>"; };
		266E18D121B85BCF00075C67 /* Task.xcdatamodel */ = {isa = PBXFileReference; lastKnownFileType = wrapper.xcdatamodel; path = Task.xcdatamodel; sourceTree = "<group>"; };
		266E18D421B85C0200075C67 /* CoreDataStack.swift */ = {isa = PBXFileReference; lastKnownFileType = sourcecode.swift; path = CoreDataStack.swift; sourceTree = "<group>"; };
		266E18D621B85E9900075C67 /* Task+Convenience.swift */ = {isa = PBXFileReference; lastKnownFileType = sourcecode.swift; path = "Task+Convenience.swift"; sourceTree = "<group>"; };
		266E18D921B86FA900075C67 /* TaskController.swift */ = {isa = PBXFileReference; lastKnownFileType = sourcecode.swift; path = TaskController.swift; sourceTree = "<group>"; };
		266E18DC21B88A3300075C67 /* DateHelpers.swift */ = {isa = PBXFileReference; lastKnownFileType = sourcecode.swift; path = DateHelpers.swift; sourceTree = "<group>"; };
		266E18E021B8A5B300075C67 /* ButtonTableViewCell.swift */ = {isa = PBXFileReference; lastKnownFileType = sourcecode.swift; path = ButtonTableViewCell.swift; sourceTree = "<group>"; };
		266E18E221B8AD5000075C67 /* Assets.xcassets */ = {isa = PBXFileReference; lastKnownFileType = folder.assetcatalog; path = Assets.xcassets; sourceTree = "<group>"; };
/* End PBXFileReference section */

/* Begin PBXFrameworksBuildPhase section */
		266E18B221B8598E00075C67 /* Frameworks */ = {
			isa = PBXFrameworksBuildPhase;
			buildActionMask = 2147483647;
			files = (
			);
			runOnlyForDeploymentPostprocessing = 0;
		};
/* End PBXFrameworksBuildPhase section */

/* Begin PBXGroup section */
		266E18AC21B8598E00075C67 = {
			isa = PBXGroup;
			children = (
				266E18B721B8598E00075C67 /* Task */,
				266E18B621B8598E00075C67 /* Products */,
			);
			sourceTree = "<group>";
		};
		266E18B621B8598E00075C67 /* Products */ = {
			isa = PBXGroup;
			children = (
				266E18B521B8598E00075C67 /* Task.app */,
			);
			name = Products;
			sourceTree = "<group>";
		};
		266E18B721B8598E00075C67 /* Task */ = {
			isa = PBXGroup;
			children = (
				266E18B821B8598E00075C67 /* AppDelegate.swift */,
				266E18DC21B88A3300075C67 /* DateHelpers.swift */,
				266E18E021B8A5B300075C67 /* ButtonTableViewCell.swift */,
				266E18DB21B86FAF00075C67 /* Controller */,
				266E18D821B85F7200075C67 /* Model */,
				266E18D321B85BDA00075C67 /* CoreData */,
				266E18CF21B85B6B00075C67 /* ViewControllers */,
				266E18CA21B859AB00075C67 /* Resources */,
			);
			path = Task;
			sourceTree = "<group>";
		};
		266E18CA21B859AB00075C67 /* Resources */ = {
			isa = PBXGroup;
			children = (
				266E18BC21B8598E00075C67 /* Main.storyboard */,
				266E18C121B8599000075C67 /* LaunchScreen.storyboard */,
				266E18C421B8599000075C67 /* Info.plist */,
				266E18E221B8AD5000075C67 /* Assets.xcassets */,
			);
			path = Resources;
			sourceTree = "<group>";
		};
		266E18CF21B85B6B00075C67 /* ViewControllers */ = {
			isa = PBXGroup;
			children = (
				266E18CB21B85A3C00075C67 /* TaskListTableViewController.swift */,
				266E18CD21B85B6300075C67 /* TaskDetailTableViewController.swift */,
			);
			path = ViewControllers;
			sourceTree = "<group>";
		};
		266E18D321B85BDA00075C67 /* CoreData */ = {
			isa = PBXGroup;
			children = (
				266E18D021B85BCF00075C67 /* Task.xcdatamodeld */,
				266E18D421B85C0200075C67 /* CoreDataStack.swift */,
			);
			path = CoreData;
			sourceTree = "<group>";
		};
		266E18D821B85F7200075C67 /* Model */ = {
			isa = PBXGroup;
			children = (
				266E18D621B85E9900075C67 /* Task+Convenience.swift */,
			);
			path = Model;
			sourceTree = "<group>";
		};
		266E18DB21B86FAF00075C67 /* Controller */ = {
			isa = PBXGroup;
			children = (
				266E18D921B86FA900075C67 /* TaskController.swift */,
			);
			path = Controller;
			sourceTree = "<group>";
		};
/* End PBXGroup section */

/* Begin PBXNativeTarget section */
		266E18B421B8598E00075C67 /* Task */ = {
			isa = PBXNativeTarget;
			buildConfigurationList = 266E18C721B8599000075C67 /* Build configuration list for PBXNativeTarget "Task" */;
			buildPhases = (
				266E18B121B8598E00075C67 /* Sources */,
				266E18B221B8598E00075C67 /* Frameworks */,
				266E18B321B8598E00075C67 /* Resources */,
			);
			buildRules = (
			);
			dependencies = (
			);
			name = Task;
			productName = Task;
			productReference = 266E18B521B8598E00075C67 /* Task.app */;
			productType = "com.apple.product-type.application";
		};
/* End PBXNativeTarget section */

/* Begin PBXProject section */
		266E18AD21B8598E00075C67 /* Project object */ = {
			isa = PBXProject;
			attributes = {
				LastSwiftUpdateCheck = 1010;
				LastUpgradeCheck = 1010;
				ORGANIZATIONNAME = Brady;
				TargetAttributes = {
					266E18B421B8598E00075C67 = {
						CreatedOnToolsVersion = 10.1;
					};
				};
			};
			buildConfigurationList = 266E18B021B8598E00075C67 /* Build configuration list for PBXProject "Task" */;
			compatibilityVersion = "Xcode 9.3";
			developmentRegion = en;
			hasScannedForEncodings = 0;
			knownRegions = (
				en,
				Base,
			);
			mainGroup = 266E18AC21B8598E00075C67;
			productRefGroup = 266E18B621B8598E00075C67 /* Products */;
			projectDirPath = "";
			projectRoot = "";
			targets = (
				266E18B421B8598E00075C67 /* Task */,
			);
		};
/* End PBXProject section */

/* Begin PBXResourcesBuildPhase section */
		266E18B321B8598E00075C67 /* Resources */ = {
			isa = PBXResourcesBuildPhase;
			buildActionMask = 2147483647;
			files = (
				266E18C321B8599000075C67 /* LaunchScreen.storyboard in Resources */,
				266E18E321B8AD5000075C67 /* Assets.xcassets in Resources */,
				266E18BE21B8598E00075C67 /* Main.storyboard in Resources */,
			);
			runOnlyForDeploymentPostprocessing = 0;
		};
/* End PBXResourcesBuildPhase section */

/* Begin PBXSourcesBuildPhase section */
		266E18B121B8598E00075C67 /* Sources */ = {
			isa = PBXSourcesBuildPhase;
			buildActionMask = 2147483647;
			files = (
				266E18E121B8A5B300075C67 /* ButtonTableViewCell.swift in Sources */,
				266E18DA21B86FA900075C67 /* TaskController.swift in Sources */,
				266E18D521B85C0200075C67 /* CoreDataStack.swift in Sources */,
				266E18D221B85BCF00075C67 /* Task.xcdatamodeld in Sources */,
				266E18D721B85E9900075C67 /* Task+Convenience.swift in Sources */,
				266E18CC21B85A3C00075C67 /* TaskListTableViewController.swift in Sources */,
				266E18DD21B88A3300075C67 /* DateHelpers.swift in Sources */,
				266E18B921B8598E00075C67 /* AppDelegate.swift in Sources */,
				266E18CE21B85B6300075C67 /* TaskDetailTableViewController.swift in Sources */,
			);
			runOnlyForDeploymentPostprocessing = 0;
		};
/* End PBXSourcesBuildPhase section */

/* Begin PBXVariantGroup section */
		266E18BC21B8598E00075C67 /* Main.storyboard */ = {
			isa = PBXVariantGroup;
			children = (
				266E18BD21B8598E00075C67 /* Base */,
			);
			name = Main.storyboard;
			sourceTree = "<group>";
		};
		266E18C121B8599000075C67 /* LaunchScreen.storyboard */ = {
			isa = PBXVariantGroup;
			children = (
				266E18C221B8599000075C67 /* Base */,
			);
			name = LaunchScreen.storyboard;
			sourceTree = "<group>";
		};
/* End PBXVariantGroup section */

/* Begin XCBuildConfiguration section */
		266E18C521B8599000075C67 /* Debug */ = {
			isa = XCBuildConfiguration;
			buildSettings = {
				ALWAYS_SEARCH_USER_PATHS = NO;
				CLANG_ANALYZER_NONNULL = YES;
				CLANG_ANALYZER_NUMBER_OBJECT_CONVERSION = YES_AGGRESSIVE;
				CLANG_CXX_LANGUAGE_STANDARD = "gnu++14";
				CLANG_CXX_LIBRARY = "libc++";
				CLANG_ENABLE_MODULES = YES;
				CLANG_ENABLE_OBJC_ARC = YES;
				CLANG_ENABLE_OBJC_WEAK = YES;
				CLANG_WARN_BLOCK_CAPTURE_AUTORELEASING = YES;
				CLANG_WARN_BOOL_CONVERSION = YES;
				CLANG_WARN_COMMA = YES;
				CLANG_WARN_CONSTANT_CONVERSION = YES;
				CLANG_WARN_DEPRECATED_OBJC_IMPLEMENTATIONS = YES;
				CLANG_WARN_DIRECT_OBJC_ISA_USAGE = YES_ERROR;
				CLANG_WARN_DOCUMENTATION_COMMENTS = YES;
				CLANG_WARN_EMPTY_BODY = YES;
				CLANG_WARN_ENUM_CONVERSION = YES;
				CLANG_WARN_INFINITE_RECURSION = YES;
				CLANG_WARN_INT_CONVERSION = YES;
				CLANG_WARN_NON_LITERAL_NULL_CONVERSION = YES;
				CLANG_WARN_OBJC_IMPLICIT_RETAIN_SELF = YES;
				CLANG_WARN_OBJC_LITERAL_CONVERSION = YES;
				CLANG_WARN_OBJC_ROOT_CLASS = YES_ERROR;
				CLANG_WARN_RANGE_LOOP_ANALYSIS = YES;
				CLANG_WARN_STRICT_PROTOTYPES = YES;
				CLANG_WARN_SUSPICIOUS_MOVE = YES;
				CLANG_WARN_UNGUARDED_AVAILABILITY = YES_AGGRESSIVE;
				CLANG_WARN_UNREACHABLE_CODE = YES;
				CLANG_WARN__DUPLICATE_METHOD_MATCH = YES;
				CODE_SIGN_IDENTITY = "iPhone Developer";
				COPY_PHASE_STRIP = NO;
				DEBUG_INFORMATION_FORMAT = dwarf;
				ENABLE_STRICT_OBJC_MSGSEND = YES;
				ENABLE_TESTABILITY = YES;
				GCC_C_LANGUAGE_STANDARD = gnu11;
				GCC_DYNAMIC_NO_PIC = NO;
				GCC_NO_COMMON_BLOCKS = YES;
				GCC_OPTIMIZATION_LEVEL = 0;
				GCC_PREPROCESSOR_DEFINITIONS = (
					"DEBUG=1",
					"$(inherited)",
				);
				GCC_WARN_64_TO_32_BIT_CONVERSION = YES;
				GCC_WARN_ABOUT_RETURN_TYPE = YES_ERROR;
				GCC_WARN_UNDECLARED_SELECTOR = YES;
				GCC_WARN_UNINITIALIZED_AUTOS = YES_AGGRESSIVE;
				GCC_WARN_UNUSED_FUNCTION = YES;
				GCC_WARN_UNUSED_VARIABLE = YES;
				IPHONEOS_DEPLOYMENT_TARGET = 12.1;
				MTL_ENABLE_DEBUG_INFO = INCLUDE_SOURCE;
				MTL_FAST_MATH = YES;
				ONLY_ACTIVE_ARCH = YES;
				SDKROOT = iphoneos;
				SWIFT_ACTIVE_COMPILATION_CONDITIONS = DEBUG;
				SWIFT_OPTIMIZATION_LEVEL = "-Onone";
			};
			name = Debug;
		};
		266E18C621B8599000075C67 /* Release */ = {
			isa = XCBuildConfiguration;
			buildSettings = {
				ALWAYS_SEARCH_USER_PATHS = NO;
				CLANG_ANALYZER_NONNULL = YES;
				CLANG_ANALYZER_NUMBER_OBJECT_CONVERSION = YES_AGGRESSIVE;
				CLANG_CXX_LANGUAGE_STANDARD = "gnu++14";
				CLANG_CXX_LIBRARY = "libc++";
				CLANG_ENABLE_MODULES = YES;
				CLANG_ENABLE_OBJC_ARC = YES;
				CLANG_ENABLE_OBJC_WEAK = YES;
				CLANG_WARN_BLOCK_CAPTURE_AUTORELEASING = YES;
				CLANG_WARN_BOOL_CONVERSION = YES;
				CLANG_WARN_COMMA = YES;
				CLANG_WARN_CONSTANT_CONVERSION = YES;
				CLANG_WARN_DEPRECATED_OBJC_IMPLEMENTATIONS = YES;
				CLANG_WARN_DIRECT_OBJC_ISA_USAGE = YES_ERROR;
				CLANG_WARN_DOCUMENTATION_COMMENTS = YES;
				CLANG_WARN_EMPTY_BODY = YES;
				CLANG_WARN_ENUM_CONVERSION = YES;
				CLANG_WARN_INFINITE_RECURSION = YES;
				CLANG_WARN_INT_CONVERSION = YES;
				CLANG_WARN_NON_LITERAL_NULL_CONVERSION = YES;
				CLANG_WARN_OBJC_IMPLICIT_RETAIN_SELF = YES;
				CLANG_WARN_OBJC_LITERAL_CONVERSION = YES;
				CLANG_WARN_OBJC_ROOT_CLASS = YES_ERROR;
				CLANG_WARN_RANGE_LOOP_ANALYSIS = YES;
				CLANG_WARN_STRICT_PROTOTYPES = YES;
				CLANG_WARN_SUSPICIOUS_MOVE = YES;
				CLANG_WARN_UNGUARDED_AVAILABILITY = YES_AGGRESSIVE;
				CLANG_WARN_UNREACHABLE_CODE = YES;
				CLANG_WARN__DUPLICATE_METHOD_MATCH = YES;
				CODE_SIGN_IDENTITY = "iPhone Developer";
				COPY_PHASE_STRIP = NO;
				DEBUG_INFORMATION_FORMAT = "dwarf-with-dsym";
				ENABLE_NS_ASSERTIONS = NO;
				ENABLE_STRICT_OBJC_MSGSEND = YES;
				GCC_C_LANGUAGE_STANDARD = gnu11;
				GCC_NO_COMMON_BLOCKS = YES;
				GCC_WARN_64_TO_32_BIT_CONVERSION = YES;
				GCC_WARN_ABOUT_RETURN_TYPE = YES_ERROR;
				GCC_WARN_UNDECLARED_SELECTOR = YES;
				GCC_WARN_UNINITIALIZED_AUTOS = YES_AGGRESSIVE;
				GCC_WARN_UNUSED_FUNCTION = YES;
				GCC_WARN_UNUSED_VARIABLE = YES;
				IPHONEOS_DEPLOYMENT_TARGET = 12.1;
				MTL_ENABLE_DEBUG_INFO = NO;
				MTL_FAST_MATH = YES;
				SDKROOT = iphoneos;
				SWIFT_COMPILATION_MODE = wholemodule;
				SWIFT_OPTIMIZATION_LEVEL = "-O";
				VALIDATE_PRODUCT = YES;
			};
			name = Release;
		};
		266E18C821B8599000075C67 /* Debug */ = {
			isa = XCBuildConfiguration;
			buildSettings = {
				ASSETCATALOG_COMPILER_APPICON_NAME = AppIcon;
				CODE_SIGN_STYLE = Automatic;
				INFOPLIST_FILE = "$(SRCROOT)/Task/Resources/Info.plist";
				LD_RUNPATH_SEARCH_PATHS = (
					"$(inherited)",
					"@executable_path/Frameworks",
				);
				PRODUCT_BUNDLE_IDENTIFIER = com.bradybentley.Task;
				PRODUCT_NAME = "$(TARGET_NAME)";
				SWIFT_VERSION = 4.2;
				TARGETED_DEVICE_FAMILY = "1,2";
			};
			name = Debug;
		};
		266E18C921B8599000075C67 /* Release */ = {
			isa = XCBuildConfiguration;
			buildSettings = {
				ASSETCATALOG_COMPILER_APPICON_NAME = AppIcon;
				CODE_SIGN_STYLE = Automatic;
				INFOPLIST_FILE = "$(SRCROOT)/Task/Resources/Info.plist";
				LD_RUNPATH_SEARCH_PATHS = (
					"$(inherited)",
					"@executable_path/Frameworks",
				);
				PRODUCT_BUNDLE_IDENTIFIER = com.bradybentley.Task;
				PRODUCT_NAME = "$(TARGET_NAME)";
				SWIFT_VERSION = 4.2;
				TARGETED_DEVICE_FAMILY = "1,2";
			};
			name = Release;
		};
/* End XCBuildConfiguration section */

/* Begin XCConfigurationList section */
		266E18B021B8598E00075C67 /* Build configuration list for PBXProject "Task" */ = {
			isa = XCConfigurationList;
			buildConfigurations = (
				266E18C521B8599000075C67 /* Debug */,
				266E18C621B8599000075C67 /* Release */,
			);
			defaultConfigurationIsVisible = 0;
			defaultConfigurationName = Release;
		};
		266E18C721B8599000075C67 /* Build configuration list for PBXNativeTarget "Task" */ = {
			isa = XCConfigurationList;
			buildConfigurations = (
				266E18C821B8599000075C67 /* Debug */,
				266E18C921B8599000075C67 /* Release */,
			);
			defaultConfigurationIsVisible = 0;
			defaultConfigurationName = Release;
		};
/* End XCConfigurationList section */

/* Begin XCVersionGroup section */
		266E18D021B85BCF00075C67 /* Task.xcdatamodeld */ = {
			isa = XCVersionGroup;
			children = (
				266E18D121B85BCF00075C67 /* Task.xcdatamodel */,
			);
			currentVersion = 266E18D121B85BCF00075C67 /* Task.xcdatamodel */;
			path = Task.xcdatamodeld;
			sourceTree = "<group>";
			versionGroupType = wrapper.xcdatamodel;
		};
/* End XCVersionGroup section */
	};
	rootObject = 266E18AD21B8598E00075C67 /* Project object */;
}
